// !$*UTF8*$!
{
	archiveVersion = 1;
	classes = {
	};
	objectVersion = 48;
	objects = {

/* Begin PBXBuildFile section */
		3F0E34551FC598D4004FEE6F /* main.cpp in Sources */ = {isa = PBXBuildFile; fileRef = 3F0E34541FC598D4004FEE6F /* main.cpp */; };
		3F0E346F1FC59CFF004FEE6F /* main.cpp in Sources */ = {isa = PBXBuildFile; fileRef = 3F0E346E1FC59CFF004FEE6F /* main.cpp */; };
		3F0E34751FC59D53004FEE6F /* BubbleSortTests.cpp in Sources */ = {isa = PBXBuildFile; fileRef = 3F0E34731FC59D53004FEE6F /* BubbleSortTests.cpp */; };
		3F0E34781FC59ECE004FEE6F /* BubbleSort.cpp in Sources */ = {isa = PBXBuildFile; fileRef = 3F0E34761FC59ECE004FEE6F /* BubbleSort.cpp */; };
		3F0E34791FCED1FF004FEE6F /* BubbleSort.cpp in Sources */ = {isa = PBXBuildFile; fileRef = 3F0E34761FC59ECE004FEE6F /* BubbleSort.cpp */; };
		3F0E347B1FE2F26B004FEE6F /* MergeSortTests.cpp in Sources */ = {isa = PBXBuildFile; fileRef = 3F0E347A1FE2F26B004FEE6F /* MergeSortTests.cpp */; };
		3F0E347E1FE2F2DE004FEE6F /* MergeSort.cpp in Sources */ = {isa = PBXBuildFile; fileRef = 3F0E347C1FE2F2DE004FEE6F /* MergeSort.cpp */; };
		3F0E34811FE2F5CC004FEE6F /* MergeSort.cpp in Sources */ = {isa = PBXBuildFile; fileRef = 3F0E347C1FE2F2DE004FEE6F /* MergeSort.cpp */; };
		3FA922EC1FEBD77500B4E3BC /* SelectionSort.cpp in Sources */ = {isa = PBXBuildFile; fileRef = 3FA922EA1FEBD77500B4E3BC /* SelectionSort.cpp */; };
		3FA922ED1FEBD77500B4E3BC /* SelectionSort.cpp in Sources */ = {isa = PBXBuildFile; fileRef = 3FA922EA1FEBD77500B4E3BC /* SelectionSort.cpp */; };
		3FA922EF1FEBD80600B4E3BC /* SelectionSortTests.cpp in Sources */ = {isa = PBXBuildFile; fileRef = 3FA922EE1FEBD80600B4E3BC /* SelectionSortTests.cpp */; };
		3FA922F2200393EF00B4E3BC /* InsertionSort.cpp in Sources */ = {isa = PBXBuildFile; fileRef = 3FA922F0200393EF00B4E3BC /* InsertionSort.cpp */; };
		3FA922F3200393EF00B4E3BC /* InsertionSort.cpp in Sources */ = {isa = PBXBuildFile; fileRef = 3FA922F0200393EF00B4E3BC /* InsertionSort.cpp */; };
		3FA922F52003940900B4E3BC /* InsertionSortTests.cpp in Sources */ = {isa = PBXBuildFile; fileRef = 3FA922F42003940900B4E3BC /* InsertionSortTests.cpp */; };
/* End PBXBuildFile section */

/* Begin PBXCopyFilesBuildPhase section */
		3F0E344F1FC598D4004FEE6F /* CopyFiles */ = {
			isa = PBXCopyFilesBuildPhase;
			buildActionMask = 2147483647;
			dstPath = /usr/share/man/man1/;
			dstSubfolderSpec = 0;
			files = (
			);
			runOnlyForDeploymentPostprocessing = 1;
		};
		3F0E346A1FC59CFF004FEE6F /* CopyFiles */ = {
			isa = PBXCopyFilesBuildPhase;
			buildActionMask = 2147483647;
			dstPath = /usr/share/man/man1/;
			dstSubfolderSpec = 0;
			files = (
			);
			runOnlyForDeploymentPostprocessing = 1;
		};
/* End PBXCopyFilesBuildPhase section */

/* Begin PBXFileReference section */
		3F0E34511FC598D4004FEE6F /* SortingAlgorithms */ = {isa = PBXFileReference; explicitFileType = "compiled.mach-o.executable"; includeInIndex = 0; path = SortingAlgorithms; sourceTree = BUILT_PRODUCTS_DIR; };
		3F0E34541FC598D4004FEE6F /* main.cpp */ = {isa = PBXFileReference; lastKnownFileType = sourcecode.cpp.cpp; path = main.cpp; sourceTree = "<group>"; };
		3F0E345C1FC59C15004FEE6F /* catch.hpp */ = {isa = PBXFileReference; fileEncoding = 4; lastKnownFileType = sourcecode.cpp.h; path = catch.hpp; sourceTree = "<group>"; };
		3F0E346C1FC59CFF004FEE6F /* SortingAlgorithmsTests */ = {isa = PBXFileReference; explicitFileType = "compiled.mach-o.executable"; includeInIndex = 0; path = SortingAlgorithmsTests; sourceTree = BUILT_PRODUCTS_DIR; };
		3F0E346E1FC59CFF004FEE6F /* main.cpp */ = {isa = PBXFileReference; lastKnownFileType = sourcecode.cpp.cpp; path = main.cpp; sourceTree = "<group>"; };
		3F0E34731FC59D53004FEE6F /* BubbleSortTests.cpp */ = {isa = PBXFileReference; lastKnownFileType = sourcecode.cpp.cpp; path = BubbleSortTests.cpp; sourceTree = "<group>"; };
		3F0E34761FC59ECE004FEE6F /* BubbleSort.cpp */ = {isa = PBXFileReference; lastKnownFileType = sourcecode.cpp.cpp; path = BubbleSort.cpp; sourceTree = "<group>"; };
		3F0E34771FC59ECE004FEE6F /* BubbleSort.hpp */ = {isa = PBXFileReference; lastKnownFileType = sourcecode.cpp.h; path = BubbleSort.hpp; sourceTree = "<group>"; };
		3F0E347A1FE2F26B004FEE6F /* MergeSortTests.cpp */ = {isa = PBXFileReference; lastKnownFileType = sourcecode.cpp.cpp; path = MergeSortTests.cpp; sourceTree = "<group>"; };
		3F0E347C1FE2F2DE004FEE6F /* MergeSort.cpp */ = {isa = PBXFileReference; lastKnownFileType = sourcecode.cpp.cpp; path = MergeSort.cpp; sourceTree = "<group>"; };
		3F0E347D1FE2F2DE004FEE6F /* MergeSort.hpp */ = {isa = PBXFileReference; lastKnownFileType = sourcecode.cpp.h; path = MergeSort.hpp; sourceTree = "<group>"; };
		3FA922EA1FEBD77500B4E3BC /* SelectionSort.cpp */ = {isa = PBXFileReference; lastKnownFileType = sourcecode.cpp.cpp; path = SelectionSort.cpp; sourceTree = "<group>"; };
		3FA922EB1FEBD77500B4E3BC /* SelectionSort.hpp */ = {isa = PBXFileReference; lastKnownFileType = sourcecode.cpp.h; path = SelectionSort.hpp; sourceTree = "<group>"; };
		3FA922EE1FEBD80600B4E3BC /* SelectionSortTests.cpp */ = {isa = PBXFileReference; lastKnownFileType = sourcecode.cpp.cpp; path = SelectionSortTests.cpp; sourceTree = "<group>"; };
		3FA922F0200393EF00B4E3BC /* InsertionSort.cpp */ = {isa = PBXFileReference; lastKnownFileType = sourcecode.cpp.cpp; path = InsertionSort.cpp; sourceTree = "<group>"; };
		3FA922F1200393EF00B4E3BC /* InsertionSort.hpp */ = {isa = PBXFileReference; lastKnownFileType = sourcecode.cpp.h; path = InsertionSort.hpp; sourceTree = "<group>"; };
		3FA922F42003940900B4E3BC /* InsertionSortTests.cpp */ = {isa = PBXFileReference; lastKnownFileType = sourcecode.cpp.cpp; path = InsertionSortTests.cpp; sourceTree = "<group>"; };
/* End PBXFileReference section */

/* Begin PBXFrameworksBuildPhase section */
		3F0E344E1FC598D4004FEE6F /* Frameworks */ = {
			isa = PBXFrameworksBuildPhase;
			buildActionMask = 2147483647;
			files = (
			);
			runOnlyForDeploymentPostprocessing = 0;
		};
		3F0E34691FC59CFF004FEE6F /* Frameworks */ = {
			isa = PBXFrameworksBuildPhase;
			buildActionMask = 2147483647;
			files = (
			);
			runOnlyForDeploymentPostprocessing = 0;
		};
/* End PBXFrameworksBuildPhase section */

/* Begin PBXGroup section */
		3F0E34481FC598D4004FEE6F = {
			isa = PBXGroup;
			children = (
				3F0E34531FC598D4004FEE6F /* SortingAlgorithms */,
				3F0E346D1FC59CFF004FEE6F /* SortingAlgorithmsTests */,
				3F0E34521FC598D4004FEE6F /* Products */,
			);
			sourceTree = "<group>";
		};
		3F0E34521FC598D4004FEE6F /* Products */ = {
			isa = PBXGroup;
			children = (
				3F0E34511FC598D4004FEE6F /* SortingAlgorithms */,
				3F0E346C1FC59CFF004FEE6F /* SortingAlgorithmsTests */,
			);
			name = Products;
			sourceTree = "<group>";
		};
		3F0E34531FC598D4004FEE6F /* SortingAlgorithms */ = {
			isa = PBXGroup;
			children = (
				3F0E34541FC598D4004FEE6F /* main.cpp */,
				3F0E34761FC59ECE004FEE6F /* BubbleSort.cpp */,
				3F0E34771FC59ECE004FEE6F /* BubbleSort.hpp */,
				3FA922F0200393EF00B4E3BC /* InsertionSort.cpp */,
				3FA922F1200393EF00B4E3BC /* InsertionSort.hpp */,
				3F0E347C1FE2F2DE004FEE6F /* MergeSort.cpp */,
				3F0E347D1FE2F2DE004FEE6F /* MergeSort.hpp */,
				3FA922EA1FEBD77500B4E3BC /* SelectionSort.cpp */,
				3FA922EB1FEBD77500B4E3BC /* SelectionSort.hpp */,
			);
			path = SortingAlgorithms;
			sourceTree = "<group>";
		};
		3F0E346D1FC59CFF004FEE6F /* SortingAlgorithmsTests */ = {
			isa = PBXGroup;
			children = (
				3F0E345C1FC59C15004FEE6F /* catch.hpp */,
				3F0E346E1FC59CFF004FEE6F /* main.cpp */,
				3F0E34731FC59D53004FEE6F /* BubbleSortTests.cpp */,
				3F0E347A1FE2F26B004FEE6F /* MergeSortTests.cpp */,
				3FA922F42003940900B4E3BC /* InsertionSortTests.cpp */,
				3FA922EE1FEBD80600B4E3BC /* SelectionSortTests.cpp */,
			);
			path = SortingAlgorithmsTests;
			sourceTree = "<group>";
		};
/* End PBXGroup section */

/* Begin PBXNativeTarget section */
		3F0E34501FC598D4004FEE6F /* SortingAlgorithms */ = {
			isa = PBXNativeTarget;
			buildConfigurationList = 3F0E34581FC598D4004FEE6F /* Build configuration list for PBXNativeTarget "SortingAlgorithms" */;
			buildPhases = (
				3F0E344D1FC598D4004FEE6F /* Sources */,
				3F0E344E1FC598D4004FEE6F /* Frameworks */,
				3F0E344F1FC598D4004FEE6F /* CopyFiles */,
			);
			buildRules = (
			);
			dependencies = (
			);
			name = SortingAlgorithms;
			productName = SortingAlgorithms;
			productReference = 3F0E34511FC598D4004FEE6F /* SortingAlgorithms */;
			productType = "com.apple.product-type.tool";
		};
		3F0E346B1FC59CFF004FEE6F /* SortingAlgorithmsTests */ = {
			isa = PBXNativeTarget;
			buildConfigurationList = 3F0E34701FC59CFF004FEE6F /* Build configuration list for PBXNativeTarget "SortingAlgorithmsTests" */;
			buildPhases = (
				3F0E34681FC59CFF004FEE6F /* Sources */,
				3F0E34691FC59CFF004FEE6F /* Frameworks */,
				3F0E346A1FC59CFF004FEE6F /* CopyFiles */,
			);
			buildRules = (
			);
			dependencies = (
			);
			name = SortingAlgorithmsTests;
			productName = SortingAlgorithmsTests;
			productReference = 3F0E346C1FC59CFF004FEE6F /* SortingAlgorithmsTests */;
			productType = "com.apple.product-type.tool";
		};
/* End PBXNativeTarget section */

/* Begin PBXProject section */
		3F0E34491FC598D4004FEE6F /* Project object */ = {
			isa = PBXProject;
			attributes = {
				LastUpgradeCheck = 0900;
				ORGANIZATIONNAME = "Jack Thorp";
				TargetAttributes = {
					3F0E34501FC598D4004FEE6F = {
						CreatedOnToolsVersion = 9.0;
						ProvisioningStyle = Automatic;
					};
					3F0E346B1FC59CFF004FEE6F = {
						CreatedOnToolsVersion = 9.0;
						ProvisioningStyle = Automatic;
					};
				};
			};
			buildConfigurationList = 3F0E344C1FC598D4004FEE6F /* Build configuration list for PBXProject "SortingAlgorithms" */;
			compatibilityVersion = "Xcode 8.0";
			developmentRegion = en;
			hasScannedForEncodings = 0;
			knownRegions = (
				en,
			);
			mainGroup = 3F0E34481FC598D4004FEE6F;
			productRefGroup = 3F0E34521FC598D4004FEE6F /* Products */;
			projectDirPath = "";
			projectRoot = "";
			targets = (
				3F0E34501FC598D4004FEE6F /* SortingAlgorithms */,
				3F0E346B1FC59CFF004FEE6F /* SortingAlgorithmsTests */,
			);
		};
/* End PBXProject section */

/* Begin PBXSourcesBuildPhase section */
		3F0E344D1FC598D4004FEE6F /* Sources */ = {
			isa = PBXSourcesBuildPhase;
			buildActionMask = 2147483647;
			files = (
				3FA922F2200393EF00B4E3BC /* InsertionSort.cpp in Sources */,
				3FA922EC1FEBD77500B4E3BC /* SelectionSort.cpp in Sources */,
				3F0E34551FC598D4004FEE6F /* main.cpp in Sources */,
				3F0E347E1FE2F2DE004FEE6F /* MergeSort.cpp in Sources */,
				3F0E34781FC59ECE004FEE6F /* BubbleSort.cpp in Sources */,
			);
			runOnlyForDeploymentPostprocessing = 0;
		};
		3F0E34681FC59CFF004FEE6F /* Sources */ = {
			isa = PBXSourcesBuildPhase;
			buildActionMask = 2147483647;
			files = (
				3FA922ED1FEBD77500B4E3BC /* SelectionSort.cpp in Sources */,
				3F0E34811FE2F5CC004FEE6F /* MergeSort.cpp in Sources */,
				3FA922EF1FEBD80600B4E3BC /* SelectionSortTests.cpp in Sources */,
				3F0E34791FCED1FF004FEE6F /* BubbleSort.cpp in Sources */,
				3F0E346F1FC59CFF004FEE6F /* main.cpp in Sources */,
				3FA922F3200393EF00B4E3BC /* InsertionSort.cpp in Sources */,
				3FA922F52003940900B4E3BC /* InsertionSortTests.cpp in Sources */,
				3F0E347B1FE2F26B004FEE6F /* MergeSortTests.cpp in Sources */,
				3F0E34751FC59D53004FEE6F /* BubbleSortTests.cpp in Sources */,
			);
			runOnlyForDeploymentPostprocessing = 0;
		};
/* End PBXSourcesBuildPhase section */

/* Begin XCBuildConfiguration section */
		3F0E34561FC598D4004FEE6F /* Debug */ = {
			isa = XCBuildConfiguration;
			buildSettings = {
				ALWAYS_SEARCH_USER_PATHS = NO;
				CLANG_ANALYZER_NONNULL = YES;
				CLANG_ANALYZER_NUMBER_OBJECT_CONVERSION = YES_AGGRESSIVE;
				CLANG_CXX_LANGUAGE_STANDARD = "gnu++14";
				CLANG_CXX_LIBRARY = "libc++";
				CLANG_ENABLE_MODULES = YES;
				CLANG_ENABLE_OBJC_ARC = YES;
				CLANG_WARN_BLOCK_CAPTURE_AUTORELEASING = YES;
				CLANG_WARN_BOOL_CONVERSION = YES;
				CLANG_WARN_COMMA = YES;
				CLANG_WARN_CONSTANT_CONVERSION = YES;
				CLANG_WARN_DIRECT_OBJC_ISA_USAGE = YES_ERROR;
				CLANG_WARN_DOCUMENTATION_COMMENTS = YES;
				CLANG_WARN_EMPTY_BODY = YES;
				CLANG_WARN_ENUM_CONVERSION = YES;
				CLANG_WARN_INFINITE_RECURSION = YES;
				CLANG_WARN_INT_CONVERSION = YES;
				CLANG_WARN_NON_LITERAL_NULL_CONVERSION = YES;
				CLANG_WARN_OBJC_LITERAL_CONVERSION = YES;
				CLANG_WARN_OBJC_ROOT_CLASS = YES_ERROR;
				CLANG_WARN_RANGE_LOOP_ANALYSIS = YES;
				CLANG_WARN_STRICT_PROTOTYPES = YES;
				CLANG_WARN_SUSPICIOUS_MOVE = YES;
				CLANG_WARN_UNGUARDED_AVAILABILITY = YES_AGGRESSIVE;
				CLANG_WARN_UNREACHABLE_CODE = YES;
				CLANG_WARN__DUPLICATE_METHOD_MATCH = YES;
				CODE_SIGN_IDENTITY = "-";
				COPY_PHASE_STRIP = NO;
				DEBUG_INFORMATION_FORMAT = dwarf;
				ENABLE_STRICT_OBJC_MSGSEND = YES;
				ENABLE_TESTABILITY = YES;
				GCC_C_LANGUAGE_STANDARD = gnu11;
				GCC_DYNAMIC_NO_PIC = NO;
				GCC_NO_COMMON_BLOCKS = YES;
				GCC_OPTIMIZATION_LEVEL = 0;
				GCC_PREPROCESSOR_DEFINITIONS = (
					"DEBUG=1",
					"$(inherited)",
				);
				GCC_WARN_64_TO_32_BIT_CONVERSION = YES;
				GCC_WARN_ABOUT_RETURN_TYPE = YES_ERROR;
				GCC_WARN_UNDECLARED_SELECTOR = YES;
				GCC_WARN_UNINITIALIZED_AUTOS = YES_AGGRESSIVE;
				GCC_WARN_UNUSED_FUNCTION = YES;
				GCC_WARN_UNUSED_VARIABLE = YES;
				MACOSX_DEPLOYMENT_TARGET = 10.12;
				MTL_ENABLE_DEBUG_INFO = YES;
				ONLY_ACTIVE_ARCH = YES;
				SDKROOT = macosx;
			};
			name = Debug;
		};
		3F0E34571FC598D4004FEE6F /* Release */ = {
			isa = XCBuildConfiguration;
			buildSettings = {
				ALWAYS_SEARCH_USER_PATHS = NO;
				CLANG_ANALYZER_NONNULL = YES;
				CLANG_ANALYZER_NUMBER_OBJECT_CONVERSION = YES_AGGRESSIVE;
				CLANG_CXX_LANGUAGE_STANDARD = "gnu++14";
				CLANG_CXX_LIBRARY = "libc++";
				CLANG_ENABLE_MODULES = YES;
				CLANG_ENABLE_OBJC_ARC = YES;
				CLANG_WARN_BLOCK_CAPTURE_AUTORELEASING = YES;
				CLANG_WARN_BOOL_CONVERSION = YES;
				CLANG_WARN_COMMA = YES;
				CLANG_WARN_CONSTANT_CONVERSION = YES;
				CLANG_WARN_DIRECT_OBJC_ISA_USAGE = YES_ERROR;
				CLANG_WARN_DOCUMENTATION_COMMENTS = YES;
				CLANG_WARN_EMPTY_BODY = YES;
				CLANG_WARN_ENUM_CONVERSION = YES;
				CLANG_WARN_INFINITE_RECURSION = YES;
				CLANG_WARN_INT_CONVERSION = YES;
				CLANG_WARN_NON_LITERAL_NULL_CONVERSION = YES;
				CLANG_WARN_OBJC_LITERAL_CONVERSION = YES;
				CLANG_WARN_OBJC_ROOT_CLASS = YES_ERROR;
				CLANG_WARN_RANGE_LOOP_ANALYSIS = YES;
				CLANG_WARN_STRICT_PROTOTYPES = YES;
				CLANG_WARN_SUSPICIOUS_MOVE = YES;
				CLANG_WARN_UNGUARDED_AVAILABILITY = YES_AGGRESSIVE;
				CLANG_WARN_UNREACHABLE_CODE = YES;
				CLANG_WARN__DUPLICATE_METHOD_MATCH = YES;
				CODE_SIGN_IDENTITY = "-";
				COPY_PHASE_STRIP = NO;
				DEBUG_INFORMATION_FORMAT = "dwarf-with-dsym";
				ENABLE_NS_ASSERTIONS = NO;
				ENABLE_STRICT_OBJC_MSGSEND = YES;
				GCC_C_LANGUAGE_STANDARD = gnu11;
				GCC_NO_COMMON_BLOCKS = YES;
				GCC_WARN_64_TO_32_BIT_CONVERSION = YES;
				GCC_WARN_ABOUT_RETURN_TYPE = YES_ERROR;
				GCC_WARN_UNDECLARED_SELECTOR = YES;
				GCC_WARN_UNINITIALIZED_AUTOS = YES_AGGRESSIVE;
				GCC_WARN_UNUSED_FUNCTION = YES;
				GCC_WARN_UNUSED_VARIABLE = YES;
				MACOSX_DEPLOYMENT_TARGET = 10.12;
				MTL_ENABLE_DEBUG_INFO = NO;
				SDKROOT = macosx;
			};
			name = Release;
		};
		3F0E34591FC598D4004FEE6F /* Debug */ = {
			isa = XCBuildConfiguration;
			buildSettings = {
				CODE_SIGN_STYLE = Automatic;
				PRODUCT_NAME = "$(TARGET_NAME)";
			};
			name = Debug;
		};
		3F0E345A1FC598D4004FEE6F /* Release */ = {
			isa = XCBuildConfiguration;
			buildSettings = {
				CODE_SIGN_STYLE = Automatic;
				PRODUCT_NAME = "$(TARGET_NAME)";
			};
			name = Release;
		};
		3F0E34711FC59CFF004FEE6F /* Debug */ = {
			isa = XCBuildConfiguration;
			buildSettings = {
				CODE_SIGN_STYLE = Automatic;
				PRODUCT_NAME = "$(TARGET_NAME)";
			};
			name = Debug;
		};
		3F0E34721FC59CFF004FEE6F /* Release */ = {
			isa = XCBuildConfiguration;
			buildSettings = {
				CODE_SIGN_STYLE = Automatic;
				PRODUCT_NAME = "$(TARGET_NAME)";
			};
			name = Release;
		};
/* End XCBuildConfiguration section */

/* Begin XCConfigurationList section */
		3F0E344C1FC598D4004FEE6F /* Build configuration list for PBXProject "SortingAlgorithms" */ = {
			isa = XCConfigurationList;
			buildConfigurations = (
				3F0E34561FC598D4004FEE6F /* Debug */,
				3F0E34571FC598D4004FEE6F /* Release */,
			);
			defaultConfigurationIsVisible = 0;
			defaultConfigurationName = Release;
		};
		3F0E34581FC598D4004FEE6F /* Build configuration list for PBXNativeTarget "SortingAlgorithms" */ = {
			isa = XCConfigurationList;
			buildConfigurations = (
				3F0E34591FC598D4004FEE6F /* Debug */,
				3F0E345A1FC598D4004FEE6F /* Release */,
			);
			defaultConfigurationIsVisible = 0;
			defaultConfigurationName = Release;
		};
		3F0E34701FC59CFF004FEE6F /* Build configuration list for PBXNativeTarget "SortingAlgorithmsTests" */ = {
			isa = XCConfigurationList;
			buildConfigurations = (
				3F0E34711FC59CFF004FEE6F /* Debug */,
				3F0E34721FC59CFF004FEE6F /* Release */,
			);
			defaultConfigurationIsVisible = 0;
			defaultConfigurationName = Release;
		};
/* End XCConfigurationList section */
	};
	rootObject = 3F0E34491FC598D4004FEE6F /* Project object */;
}
